
Microsoft Visual Studio Solution File, Format Version 12.00
# Visual Studio Version 16
VisualStudioVersion = 16.0.31613.86
MinimumVisualStudioVersion = 10.0.40219.1
Project("{FAE04EC0-301F-11D3-BF4B-00C04F79EFBC}") = "Массив", "Массив\Массив.csproj", "{D5B1FD42-E2F7-4F92-BD6B-38C89BEE9B10}"
EndProject
Global
	GlobalSection(SolutionConfigurationPlatforms) = preSolution
		Debug|Any CPU = Debug|Any CPU
		Release|Any CPU = Release|Any CPU
	EndGlobalSection
	GlobalSection(ProjectConfigurationPlatforms) = postSolution
		{D5B1FD42-E2F7-4F92-BD6B-38C89BEE9B10}.Debug|Any CPU.ActiveCfg = Debug|Any CPU
		{D5B1FD42-E2F7-4F92-BD6B-38C89BEE9B10}.Debug|Any CPU.Build.0 = Debug|Any CPU
		{D5B1FD42-E2F7-4F92-BD6B-38C89BEE9B10}.Release|Any CPU.ActiveCfg = Release|Any CPU
		{D5B1FD42-E2F7-4F92-BD6B-38C89BEE9B10}.Release|Any CPU.Build.0 = Release|Any CPU
	EndGlobalSection
	GlobalSection(SolutionProperties) = preSolution
		HideSolutionNode = FALSE
	EndGlobalSection
	GlobalSection(ExtensibilityGlobals) = postSolution
		SolutionGuid = {8AC4F2FD-C94D-4E62-A03A-2558B96955D3}
	EndGlobalSection
EndGlobal
